
Microsoft Visual Studio Solution File, Format Version 12.00
# Visual Studio Version 16
VisualStudioVersion = 16.0.30309.148
MinimumVisualStudioVersion = 10.0.40219.1
Project("{FAE04EC0-301F-11D3-BF4B-00C04F79EFBC}") = "Mono Game lesson 3, Anamation", "Mono Game lesson 3, Anamation.csproj", "{48565B03-3EC6-4772-8FFA-7BAE157AD9D6}"
EndProject
Global
	GlobalSection(SolutionConfigurationPlatforms) = preSolution
		Debug|Any CPU = Debug|Any CPU
		Release|Any CPU = Release|Any CPU
	EndGlobalSection
	GlobalSection(ProjectConfigurationPlatforms) = postSolution
		{48565B03-3EC6-4772-8FFA-7BAE157AD9D6}.Debug|Any CPU.ActiveCfg = Debug|Any CPU
		{48565B03-3EC6-4772-8FFA-7BAE157AD9D6}.Debug|Any CPU.Build.0 = Debug|Any CPU
		{48565B03-3EC6-4772-8FFA-7BAE157AD9D6}.Release|Any CPU.ActiveCfg = Release|Any CPU
		{48565B03-3EC6-4772-8FFA-7BAE157AD9D6}.Release|Any CPU.Build.0 = Release|Any CPU
	EndGlobalSection
	GlobalSection(SolutionProperties) = preSolution
		HideSolutionNode = FALSE
	EndGlobalSection
	GlobalSection(ExtensibilityGlobals) = postSolution
		SolutionGuid = {864B6B8F-E7F0-4B05-BF9A-C9A1D144D980}
	EndGlobalSection
EndGlobal
